github.com/forgeronvirtuel/ca_eau v0.0.0-20220502075949-1a62306693e6 h1:31mY0eY+uuFFfpKi/m606YwKEHoJW4h8pBYJR3KGiXE=
github.com/forgeronvirtuel/ca_eau v0.0.0-20220502075949-1a62306693e6/go.mod h1:vM77qOgWn5ff3XBbAkouHHoGS+8psnH6TY03q+HsHp8=
github.com/forgeronvirtuel/ca_eau v0.0.0-20220505113748-50bf07368469 h1:qyym7sUnrXvEJkkoS3yRz2cwmjQcaP+Iw75S2519uo8=
github.com/forgeronvirtuel/ca_eau v0.0.0-20220505113748-50bf07368469/go.mod h1:vM77qOgWn5ff3XBbAkouHHoGS+8psnH6TY03q+HsHp8=
